// !$*UTF8*$!
{
	archiveVersion = 1;
	classes = {
	};
	objectVersion = 48;
	objects = {

/* Begin PBXBuildFile section */
		FC2A428A2219C89900A484D7 /* AppController.m in Sources */ = {isa = PBXBuildFile; fileRef = FC2A42892219C89900A484D7 /* AppController.m */; };
		FC2B2BBB277E472C0040ED6C /* Cocoa.framework in Frameworks */ = {isa = PBXBuildFile; fileRef = 1058C7A7FEA54F5311CA2CBB /* Cocoa.framework */; };
		FC2B2BBC277E472F0040ED6C /* AppKit.framework in Frameworks */ = {isa = PBXBuildFile; fileRef = 2A37F4C4FDCFA73011CA2CEA /* AppKit.framework */; };
		FC2B2BBD277E47320040ED6C /* Foundation.framework in Frameworks */ = {isa = PBXBuildFile; fileRef = 2A37F4C5FDCFA73011CA2CEA /* Foundation.framework */; };
		FC2C2CA2238C802600D04E20 /* memory usage using NSURL.txt in Resources */ = {isa = PBXBuildFile; fileRef = FC2C2CA0238C802600D04E20 /* memory usage using NSURL.txt */; };
		FC2C2CA3238C802600D04E20 /* macOS privacy protected folders.txt in Resources */ = {isa = PBXBuildFile; fileRef = FC2C2CA1238C802600D04E20 /* macOS privacy protected folders.txt */; };
		FC33B45A230C846F00133632 /* NSURL-Extensions.m in Sources */ = {isa = PBXBuildFile; fileRef = FC33B459230C846F00133632 /* NSURL-Extensions.m */; };
		FC4C4AC109802035004CCA22 /* Help in Resources */ = {isa = PBXBuildFile; fileRef = FC4C4ABF09802035004CCA22 /* Help */; };
		FC4C4FF70981520A004CCA22 /* AppsForItem.m in Sources */ = {isa = PBXBuildFile; fileRef = FC4C4FF50981520A004CCA22 /* AppsForItem.m */; };
		FCB2FDC42375F4E100DC4806 /* NSFileManager-Extensions.m in Sources */ = {isa = PBXBuildFile; fileRef = FCB2FDC32375F4E100DC4806 /* NSFileManager-Extensions.m */; };
		FCCFB2AA097FA3FD009EA2B6 /* main.m in Sources */ = {isa = PBXBuildFile; fileRef = FCCFB2A9097FA3FD009EA2B6 /* main.m */; };
		FCCFB303097FA42B009EA2B6 /* DIXTableView.m in Sources */ = {isa = PBXBuildFile; fileRef = FCCFB2AD097FA42B009EA2B6 /* DIXTableView.m */; };
		FCCFB304097FA42B009EA2B6 /* DIXOutlineView.m in Sources */ = {isa = PBXBuildFile; fileRef = FCCFB2AF097FA42B009EA2B6 /* DIXOutlineView.m */; };
		FCCFB305097FA42B009EA2B6 /* GenericArrayController.m in Sources */ = {isa = PBXBuildFile; fileRef = FCCFB2B0097FA42B009EA2B6 /* GenericArrayController.m */; };
		FCCFB306097FA42B009EA2B6 /* ImageAndTextCell.m in Sources */ = {isa = PBXBuildFile; fileRef = FCCFB2B3097FA42B009EA2B6 /* ImageAndTextCell.m */; };
		FCCFB30C097FA42B009EA2B6 /* Preferences.m in Sources */ = {isa = PBXBuildFile; fileRef = FCCFB2C2097FA42B009EA2B6 /* Preferences.m */; };
		FCCFB30D097FA42B009EA2B6 /* PrefsPanelController.m in Sources */ = {isa = PBXBuildFile; fileRef = FCCFB2C4097FA42B009EA2B6 /* PrefsPanelController.m */; };
		FCCFB30E097FA42B009EA2B6 /* PrefsPageBase.m in Sources */ = {isa = PBXBuildFile; fileRef = FCCFB2C6097FA42B009EA2B6 /* PrefsPageBase.m */; };
		FCCFB30F097FA42B009EA2B6 /* TreeMapPrefPage.m in Sources */ = {isa = PBXBuildFile; fileRef = FCCFB2C8097FA42B009EA2B6 /* TreeMapPrefPage.m */; };
		FCCFB310097FA42B009EA2B6 /* GeneralPrefPage.m in Sources */ = {isa = PBXBuildFile; fileRef = FCCFB2CA097FA42B009EA2B6 /* GeneralPrefPage.m */; };
		FCCFB312097FA42B009EA2B6 /* Timing.m in Sources */ = {isa = PBXBuildFile; fileRef = FCCFB2CE097FA42B009EA2B6 /* Timing.m */; };
		FCCFB313097FA42B009EA2B6 /* FileSizeFormatter.m in Sources */ = {isa = PBXBuildFile; fileRef = FCCFB2D1097FA42B009EA2B6 /* FileSizeFormatter.m */; };
		FCCFB314097FA42B009EA2B6 /* FileSizeTransformer.m in Sources */ = {isa = PBXBuildFile; fileRef = FCCFB2D3097FA42B009EA2B6 /* FileSizeTransformer.m */; };
		FCCFB315097FA42B009EA2B6 /* DIXFileInfoView.m in Sources */ = {isa = PBXBuildFile; fileRef = FCCFB2D6097FA42B009EA2B6 /* DIXFileInfoView.m */; };
		FCCFB316097FA42B009EA2B6 /* InfoPanelController.m in Sources */ = {isa = PBXBuildFile; fileRef = FCCFB2D8097FA42B009EA2B6 /* InfoPanelController.m */; };
		FCCFB317097FA42B009EA2B6 /* SelectionListController.m in Sources */ = {isa = PBXBuildFile; fileRef = FCCFB2DB097FA42B009EA2B6 /* SelectionListController.m */; };
		FCCFB318097FA42B009EA2B6 /* FileKindsPopupController.m in Sources */ = {isa = PBXBuildFile; fileRef = FCCFB2DD097FA42B009EA2B6 /* FileKindsPopupController.m */; };
		FCCFB319097FA42B009EA2B6 /* SelectionListTableController.m in Sources */ = {isa = PBXBuildFile; fileRef = FCCFB2DF097FA42B009EA2B6 /* SelectionListTableController.m */; };
		FCCFB31A097FA42B009EA2B6 /* DrivesPanelController.m in Sources */ = {isa = PBXBuildFile; fileRef = FCCFB2E2097FA42B009EA2B6 /* DrivesPanelController.m */; };
		FCCFB31B097FA42B009EA2B6 /* VolumeNameTransformer.m in Sources */ = {isa = PBXBuildFile; fileRef = FCCFB2E4097FA42B009EA2B6 /* VolumeNameTransformer.m */; };
		FCCFB31C097FA42B009EA2B6 /* VolumeUsageTransformer.m in Sources */ = {isa = PBXBuildFile; fileRef = FCCFB2E6097FA42B009EA2B6 /* VolumeUsageTransformer.m */; };
		FCCFB31D097FA42B009EA2B6 /* TreeMapViewController.m in Sources */ = {isa = PBXBuildFile; fileRef = FCCFB2E8097FA42B009EA2B6 /* TreeMapViewController.m */; };
		FCCFB31E097FA42B009EA2B6 /* FileKindsTableController.m in Sources */ = {isa = PBXBuildFile; fileRef = FCCFB2EB097FA42B009EA2B6 /* FileKindsTableController.m */; };
		FCCFB31F097FA42B009EA2B6 /* FilesOutlineViewController.m in Sources */ = {isa = PBXBuildFile; fileRef = FCCFB2EF097FA42B009EA2B6 /* FilesOutlineViewController.m */; };
		FCCFB321097FA42B009EA2B6 /* FSItemIndex.m in Sources */ = {isa = PBXBuildFile; fileRef = FCCFB2F4097FA42B009EA2B6 /* FSItemIndex.m */; };
		FCCFB322097FA42B009EA2B6 /* LoadingPanelController.m in Sources */ = {isa = PBXBuildFile; fileRef = FCCFB2F6097FA42B009EA2B6 /* LoadingPanelController.m */; };
		FCCFB323097FA42B009EA2B6 /* FSItem-Utilities.m in Sources */ = {isa = PBXBuildFile; fileRef = FCCFB2F8097FA42B009EA2B6 /* FSItem-Utilities.m */; };
		FCCFB324097FA42B009EA2B6 /* MyDocumentController.m in Sources */ = {isa = PBXBuildFile; fileRef = FCCFB2F9097FA42B009EA2B6 /* MyDocumentController.m */; };
		FCCFB325097FA42B009EA2B6 /* MainWindowController.m in Sources */ = {isa = PBXBuildFile; fileRef = FCCFB2FB097FA42B009EA2B6 /* MainWindowController.m */; };
		FCCFB326097FA42B009EA2B6 /* FSItem.m in Sources */ = {isa = PBXBuildFile; fileRef = FCCFB2FE097FA42B009EA2B6 /* FSItem.m */; };
		FCCFB327097FA42B009EA2B6 /* FileTypeColors.m in Sources */ = {isa = PBXBuildFile; fileRef = FCCFB2FF097FA42B009EA2B6 /* FileTypeColors.m */; };
		FCCFB328097FA42B009EA2B6 /* FileSystemDoc.m in Sources */ = {isa = PBXBuildFile; fileRef = FCCFB301097FA42B009EA2B6 /* FileSystemDoc.m */; };
		FCCFB33C097FA44A009EA2B6 /* MainWindowToolbar.toolbar in Resources */ = {isa = PBXBuildFile; fileRef = FCCFB32A097FA44A009EA2B6 /* MainWindowToolbar.toolbar */; };
		FCCFB370097FA4C1009EA2B6 /* Credits.rtf in Resources */ = {isa = PBXBuildFile; fileRef = FCCFB34D097FA4C1009EA2B6 /* Credits.rtf */; };
		FCCFB371097FA4C1009EA2B6 /* DonationPanel.nib in Resources */ = {isa = PBXBuildFile; fileRef = FCCFB34F097FA4C1009EA2B6 /* DonationPanel.nib */; };
		FCCFB37A097FA4C1009EA2B6 /* InfoPanel.nib in Resources */ = {isa = PBXBuildFile; fileRef = FCCFB35E097FA4C1009EA2B6 /* InfoPanel.nib */; };
		FCCFB37B097FA4C1009EA2B6 /* InfoPlist.strings in Resources */ = {isa = PBXBuildFile; fileRef = FCCFB360097FA4C1009EA2B6 /* InfoPlist.strings */; };
		FCCFB37C097FA4C1009EA2B6 /* LoadingPanel.nib in Resources */ = {isa = PBXBuildFile; fileRef = FCCFB362097FA4C1009EA2B6 /* LoadingPanel.nib */; };
		FCCFB37D097FA4C1009EA2B6 /* Localizable.strings in Resources */ = {isa = PBXBuildFile; fileRef = FCCFB364097FA4C1009EA2B6 /* Localizable.strings */; };
		FCCFB37E097FA4C1009EA2B6 /* MainMenu.nib in Resources */ = {isa = PBXBuildFile; fileRef = FCCFB366097FA4C1009EA2B6 /* MainMenu.nib */; };
		FCCFB37F097FA4C1009EA2B6 /* Preferences.strings in Resources */ = {isa = PBXBuildFile; fileRef = FCCFB368097FA4C1009EA2B6 /* Preferences.strings */; };
		FCCFB380097FA4C1009EA2B6 /* TreeMap.nib in Resources */ = {isa = PBXBuildFile; fileRef = FCCFB36A097FA4C1009EA2B6 /* TreeMap.nib */; };
		FCCFB382097FA4C1009EA2B6 /* VolumesPanel.nib in Resources */ = {isa = PBXBuildFile; fileRef = FCCFB36E097FA4C1009EA2B6 /* VolumesPanel.nib */; };
		FCD5DAFE09CDD4260051C1CF /* MainWindow.m in Sources */ = {isa = PBXBuildFile; fileRef = FCD5DAFC09CDD4260051C1CF /* MainWindow.m */; };
		FCFB17B621B876A400E3F8C4 /* Images.xcassets in Resources */ = {isa = PBXBuildFile; fileRef = FCFB17B521B876A400E3F8C4 /* Images.xcassets */; };
		DEC0DE000000000000000003 /* TreeMapView.m in Sources */ = {isa = PBXBuildFile; fileRef = DEC0DE000000000000000002 /* TreeMapView.m */; };
		DEC0DE000000000000000006 /* TMVItem.m in Sources */ = {isa = PBXBuildFile; fileRef = DEC0DE000000000000000005 /* TMVItem.m */; };
		DEC0DE000000000000000009 /* TMVCushionRenderer.m in Sources */ = {isa = PBXBuildFile; fileRef = DEC0DE000000000000000008 /* TMVCushionRenderer.m */; };
		DEC0DE00000000000000000C /* ZoomInfo.m in Sources */ = {isa = PBXBuildFile; fileRef = DEC0DE00000000000000000B /* ZoomInfo.m */; };
		DEC0DE00000000000000000F /* NSBitmapImageRep-CreationExtensions.m in Sources */ = {isa = PBXBuildFile; fileRef = DEC0DE00000000000000000E /* NSBitmapImageRep-CreationExtensions.m */; };
		DEC0DE000000000000000012 /* NSView-BackingCoordsHelpers.m in Sources */ = {isa = PBXBuildFile; fileRef = DEC0DE000000000000000011 /* NSView-BackingCoordsHelpers.m */; };
		DEC1DE000000000000000003 /* ToolbarWindowController.m in Sources */ = {isa = PBXBuildFile; fileRef = DEC1DE000000000000000002 /* ToolbarWindowController.m */; };
		DEC1DE000000000000000006 /* PrefsPageRecord.m in Sources */ = {isa = PBXBuildFile; fileRef = DEC1DE000000000000000005 /* PrefsPageRecord.m */; };
		DEC5DE000000000000000003 /* PrefsPageLayout.m in Sources */ = {isa = PBXBuildFile; fileRef = DEC5DE000000000000000002 /* PrefsPageLayout.m */; };
		DEC2DE000000000000000003 /* NSAlert-Extensions.m in Sources */ = {isa = PBXBuildFile; fileRef = DEC2DE000000000000000002 /* NSAlert-Extensions.m */; };
		DEC4DE000000000000000003 /* NSImage-Extensions.m in Sources */ = {isa = PBXBuildFile; fileRef = DEC4DE000000000000000002 /* NSImage-Extensions.m */; };
/* End PBXBuildFile section */

/* Begin PBXCopyFilesBuildPhase section */
		FCED9ED9106ABB4D00667E44 /* CopyFiles */ = {
			isa = PBXCopyFilesBuildPhase;
			buildActionMask = 12;
			dstPath = "";
			dstSubfolderSpec = 10;
			files = (
			);
			runOnlyForDeploymentPostprocessing = 0;
		};
/* End PBXCopyFilesBuildPhase section */

/* Begin PBXFileReference section */
		1058C7A7FEA54F5311CA2CBB /* Cocoa.framework */ = {isa = PBXFileReference; lastKnownFileType = wrapper.framework; name = Cocoa.framework; path = /System/Library/Frameworks/Cocoa.framework; sourceTree = "<absolute>"; };
		2A37F4C4FDCFA73011CA2CEA /* AppKit.framework */ = {isa = PBXFileReference; lastKnownFileType = wrapper.framework; name = AppKit.framework; path = /System/Library/Frameworks/AppKit.framework; sourceTree = "<absolute>"; };
		2A37F4C5FDCFA73011CA2CEA /* Foundation.framework */ = {isa = PBXFileReference; lastKnownFileType = wrapper.framework; name = Foundation.framework; path = /System/Library/Frameworks/Foundation.framework; sourceTree = "<absolute>"; };
		32DBCF750370BD2300C91783 /* Disk Inventory Next_Prefix.pch */ = {isa = PBXFileReference; fileEncoding = 4; lastKnownFileType = sourcecode.c.h; path = "Disk Inventory Next_Prefix.pch"; sourceTree = "<group>"; };
		8D15AC370486D014006FF6A4 /* Disk Inventory Next.app */ = {isa = PBXFileReference; explicitFileType = wrapper.application; includeInIndex = 0; path = "Disk Inventory Next.app"; sourceTree = BUILT_PRODUCTS_DIR; };
		FC2A42882219C89900A484D7 /* AppController.h */ = {isa = PBXFileReference; lastKnownFileType = sourcecode.c.h; path = AppController.h; sourceTree = "<group>"; };
		FC2A42892219C89900A484D7 /* AppController.m */ = {isa = PBXFileReference; lastKnownFileType = sourcecode.c.objc; path = AppController.m; sourceTree = "<group>"; };
		FC2B2B7A277E43D00040ED6C /* en */ = {isa = PBXFileReference; lastKnownFileType = text.rtf; name = en; path = en.lproj/Credits.rtf; sourceTree = "<group>"; };
		FC2B2B7B277E43D10040ED6C /* en */ = {isa = PBXFileReference; lastKnownFileType = wrapper.nib; name = en; path = en.lproj/DonationPanel.nib; sourceTree = "<group>"; };
		FC2B2B7C277E43D10040ED6C /* en */ = {isa = PBXFileReference; lastKnownFileType = folder; name = en; path = en.lproj/Help; sourceTree = "<group>"; };
		FC2B2B7D277E43D10040ED6C /* en */ = {isa = PBXFileReference; lastKnownFileType = wrapper.nib; name = en; path = en.lproj/InfoPanel.nib; sourceTree = "<group>"; };
		FC2B2B7E277E43D10040ED6C /* en */ = {isa = PBXFileReference; lastKnownFileType = text.plist.strings; name = en; path = en.lproj/InfoPlist.strings; sourceTree = "<group>"; };
		FC2B2B7F277E43D10040ED6C /* en */ = {isa = PBXFileReference; lastKnownFileType = wrapper.nib; name = en; path = en.lproj/LoadingPanel.nib; sourceTree = "<group>"; };
		FC2B2B80277E43D10040ED6C /* en */ = {isa = PBXFileReference; lastKnownFileType = text.plist.strings; name = en; path = en.lproj/Localizable.strings; sourceTree = "<group>"; };
		FC2B2B81277E43D10040ED6C /* en */ = {isa = PBXFileReference; lastKnownFileType = wrapper.nib; name = en; path = en.lproj/MainMenu.nib; sourceTree = "<group>"; };
		FC2B2B82277E43D10040ED6C /* en */ = {isa = PBXFileReference; lastKnownFileType = wrapper.nib; name = en; path = en.lproj/TreeMap.nib; sourceTree = "<group>"; };
		FC2B2B83277E43D10040ED6C /* en */ = {isa = PBXFileReference; lastKnownFileType = wrapper.nib; name = en; path = en.lproj/VolumesPanel.nib; sourceTree = "<group>"; };
		FC2B2B86277E43D10040ED6C /* en */ = {isa = PBXFileReference; lastKnownFileType = text.plist.strings; name = en; path = en.lproj/Preferences.strings; sourceTree = "<group>"; };
		FC2C2CA0238C802600D04E20 /* memory usage using NSURL.txt */ = {isa = PBXFileReference; fileEncoding = 4; lastKnownFileType = text; name = "memory usage using NSURL.txt"; path = "documentation/memory usage using NSURL.txt"; sourceTree = "<group>"; };
		FC2C2CA1238C802600D04E20 /* macOS privacy protected folders.txt */ = {isa = PBXFileReference; fileEncoding = 4; lastKnownFileType = text; name = "macOS privacy protected folders.txt"; path = "documentation/macOS privacy protected folders.txt"; sourceTree = "<group>"; };
		FC2D7D7421FE4ABB004D0614 /* de */ = {isa = PBXFileReference; lastKnownFileType = text.plist.strings; name = de; path = de.lproj/Preferences.strings; sourceTree = "<group>"; };
		FC2D7D7521FE4ABB004D0614 /* de */ = {isa = PBXFileReference; lastKnownFileType = wrapper.nib; name = de; path = de.lproj/DonationPanel.nib; sourceTree = "<group>"; };
		FC2D7D7621FE4ABB004D0614 /* de */ = {isa = PBXFileReference; lastKnownFileType = wrapper.nib; name = de; path = de.lproj/InfoPanel.nib; sourceTree = "<group>"; };
		FC2D7D7721FE4ABB004D0614 /* de */ = {isa = PBXFileReference; lastKnownFileType = wrapper.nib; name = de; path = de.lproj/LoadingPanel.nib; sourceTree = "<group>"; };
		FC2D7D7821FE4ABB004D0614 /* de */ = {isa = PBXFileReference; lastKnownFileType = wrapper.nib; name = de; path = de.lproj/MainMenu.nib; sourceTree = "<group>"; };
		FC2D7D7921FE4ABB004D0614 /* de */ = {isa = PBXFileReference; lastKnownFileType = wrapper.nib; name = de; path = de.lproj/TreeMap.nib; sourceTree = "<group>"; };
		FC2D7D7A21FE4ABB004D0614 /* de */ = {isa = PBXFileReference; lastKnownFileType = wrapper.nib; name = de; path = de.lproj/VolumesPanel.nib; sourceTree = "<group>"; };
		FC2D7D7B21FE4ABB004D0614 /* de */ = {isa = PBXFileReference; lastKnownFileType = text.plist.strings; name = de; path = de.lproj/Localizable.strings; sourceTree = "<group>"; };
		FC2D7D7C21FE4ABB004D0614 /* de */ = {isa = PBXFileReference; lastKnownFileType = text.rtf; name = de; path = de.lproj/Credits.rtf; sourceTree = "<group>"; };
		FC2D7D7D21FE4ABC004D0614 /* de */ = {isa = PBXFileReference; lastKnownFileType = text.plist.strings; name = de; path = de.lproj/InfoPlist.strings; sourceTree = "<group>"; };
		FC2D7D7E21FE4ABC004D0614 /* de */ = {isa = PBXFileReference; lastKnownFileType = folder; name = de; path = de.lproj/Help; sourceTree = "<group>"; };
		FC2DB78221AF4E1100F24C1E /* Disk Inventory Next.entitlements */ = {isa = PBXFileReference; lastKnownFileType = text.plist.entitlements; path = "Disk Inventory Next.entitlements"; sourceTree = "<group>"; };
		FC33B458230C846F00133632 /* NSURL-Extensions.h */ = {isa = PBXFileReference; fileEncoding = 4; lastKnownFileType = sourcecode.c.h; path = "NSURL-Extensions.h"; sourceTree = "<group>"; };
		FC33B459230C846F00133632 /* NSURL-Extensions.m */ = {isa = PBXFileReference; fileEncoding = 4; lastKnownFileType = sourcecode.c.objc; path = "NSURL-Extensions.m"; sourceTree = "<group>"; };
		FC42B8652202405A0080570A /* es */ = {isa = PBXFileReference; lastKnownFileType = text.plist.strings; name = es; path = es.lproj/Preferences.strings; sourceTree = "<group>"; };
		FC42B8662202405A0080570A /* es */ = {isa = PBXFileReference; lastKnownFileType = wrapper.nib; name = es; path = es.lproj/DonationPanel.nib; sourceTree = "<group>"; };
		FC42B8672202405A0080570A /* es */ = {isa = PBXFileReference; lastKnownFileType = wrapper.nib; name = es; path = es.lproj/InfoPanel.nib; sourceTree = "<group>"; };
		FC42B8682202405A0080570A /* es */ = {isa = PBXFileReference; lastKnownFileType = wrapper.nib; name = es; path = es.lproj/LoadingPanel.nib; sourceTree = "<group>"; };
		FC42B8692202405A0080570A /* es */ = {isa = PBXFileReference; lastKnownFileType = wrapper.nib; name = es; path = es.lproj/MainMenu.nib; sourceTree = "<group>"; };
		FC42B86A2202405A0080570A /* es */ = {isa = PBXFileReference; lastKnownFileType = wrapper.nib; name = es; path = es.lproj/TreeMap.nib; sourceTree = "<group>"; };
		FC42B86B2202405A0080570A /* es */ = {isa = PBXFileReference; lastKnownFileType = wrapper.nib; name = es; path = es.lproj/VolumesPanel.nib; sourceTree = "<group>"; };
		FC42B86C2202405A0080570A /* es */ = {isa = PBXFileReference; lastKnownFileType = text.plist.strings; name = es; path = es.lproj/Localizable.strings; sourceTree = "<group>"; };
		FC42B86D2202405A0080570A /* es */ = {isa = PBXFileReference; lastKnownFileType = text.rtf; name = es; path = es.lproj/Credits.rtf; sourceTree = "<group>"; };
		FC42B86E2202405A0080570A /* es */ = {isa = PBXFileReference; lastKnownFileType = text.plist.strings; name = es; path = es.lproj/InfoPlist.strings; sourceTree = "<group>"; };
		FC42B86F2202405A0080570A /* es */ = {isa = PBXFileReference; lastKnownFileType = folder; name = es; path = es.lproj/Help; sourceTree = "<group>"; };
		FC4C4FF40981520A004CCA22 /* AppsForItem.h */ = {isa = PBXFileReference; fileEncoding = 4; lastKnownFileType = sourcecode.c.h; path = AppsForItem.h; sourceTree = "<group>"; };
		FC4C4FF50981520A004CCA22 /* AppsForItem.m */ = {isa = PBXFileReference; fileEncoding = 4; lastKnownFileType = sourcecode.c.objc; path = AppsForItem.m; sourceTree = "<group>"; };
		FCA1D0BD2205FF2D004E9468 /* fr */ = {isa = PBXFileReference; lastKnownFileType = text.plist.strings; name = fr; path = fr.lproj/Preferences.strings; sourceTree = "<group>"; };
		FCA1D0BE2205FF2D004E9468 /* fr */ = {isa = PBXFileReference; lastKnownFileType = wrapper.nib; name = fr; path = fr.lproj/DonationPanel.nib; sourceTree = "<group>"; };
		FCA1D0BF2205FF2D004E9468 /* fr */ = {isa = PBXFileReference; lastKnownFileType = wrapper.nib; name = fr; path = fr.lproj/InfoPanel.nib; sourceTree = "<group>"; };
		FCA1D0C02205FF2D004E9468 /* fr */ = {isa = PBXFileReference; lastKnownFileType = wrapper.nib; name = fr; path = fr.lproj/LoadingPanel.nib; sourceTree = "<group>"; };
		FCA1D0C12205FF2D004E9468 /* fr */ = {isa = PBXFileReference; lastKnownFileType = wrapper.nib; name = fr; path = fr.lproj/MainMenu.nib; sourceTree = "<group>"; };
		FCA1D0C22205FF2D004E9468 /* fr */ = {isa = PBXFileReference; lastKnownFileType = wrapper.nib; name = fr; path = fr.lproj/TreeMap.nib; sourceTree = "<group>"; };
		FCA1D0C32205FF2D004E9468 /* fr */ = {isa = PBXFileReference; lastKnownFileType = wrapper.nib; name = fr; path = fr.lproj/VolumesPanel.nib; sourceTree = "<group>"; };
		FCA1D0C42205FF2D004E9468 /* fr */ = {isa = PBXFileReference; lastKnownFileType = text.plist.strings; name = fr; path = fr.lproj/Localizable.strings; sourceTree = "<group>"; };
		FCA1D0C52205FF2D004E9468 /* fr */ = {isa = PBXFileReference; lastKnownFileType = text.rtf; name = fr; path = fr.lproj/Credits.rtf; sourceTree = "<group>"; };
		FCA1D0C62205FF2D004E9468 /* fr */ = {isa = PBXFileReference; lastKnownFileType = text.plist.strings; name = fr; path = fr.lproj/InfoPlist.strings; sourceTree = "<group>"; };
		FCA1D0C72205FF2D004E9468 /* fr */ = {isa = PBXFileReference; lastKnownFileType = folder; name = fr; path = fr.lproj/Help; sourceTree = "<group>"; };
		FCB2FDC22375F4E100DC4806 /* NSFileManager-Extensions.h */ = {isa = PBXFileReference; lastKnownFileType = sourcecode.c.h; path = "NSFileManager-Extensions.h"; sourceTree = "<group>"; };
		FCB2FDC32375F4E100DC4806 /* NSFileManager-Extensions.m */ = {isa = PBXFileReference; lastKnownFileType = sourcecode.c.objc; path = "NSFileManager-Extensions.m"; sourceTree = "<group>"; };
		FCB5709822CD2DE60014B794 /* BuildRelease.sh */ = {isa = PBXFileReference; lastKnownFileType = text.script.sh; path = BuildRelease.sh; sourceTree = "<group>"; };
		FCCFB2A9097FA3FD009EA2B6 /* main.m */ = {isa = PBXFileReference; fileEncoding = 4; lastKnownFileType = sourcecode.c.objc; path = main.m; sourceTree = "<group>"; };
		FCCFB2AC097FA42B009EA2B6 /* DIXTableView.h */ = {isa = PBXFileReference; fileEncoding = 4; lastKnownFileType = sourcecode.c.h; path = DIXTableView.h; sourceTree = "<group>"; };
		FCCFB2AD097FA42B009EA2B6 /* DIXTableView.m */ = {isa = PBXFileReference; fileEncoding = 4; lastKnownFileType = sourcecode.c.objc; path = DIXTableView.m; sourceTree = "<group>"; };
		FCCFB2AE097FA42B009EA2B6 /* DIXOutlineView.h */ = {isa = PBXFileReference; fileEncoding = 4; lastKnownFileType = sourcecode.c.h; path = DIXOutlineView.h; sourceTree = "<group>"; };
		FCCFB2AF097FA42B009EA2B6 /* DIXOutlineView.m */ = {isa = PBXFileReference; fileEncoding = 4; lastKnownFileType = sourcecode.c.objc; path = DIXOutlineView.m; sourceTree = "<group>"; };
		FCCFB2B0097FA42B009EA2B6 /* GenericArrayController.m */ = {isa = PBXFileReference; fileEncoding = 4; lastKnownFileType = sourcecode.c.objc; path = GenericArrayController.m; sourceTree = "<group>"; };
		FCCFB2B1097FA42B009EA2B6 /* GenericArrayController.h */ = {isa = PBXFileReference; fileEncoding = 4; lastKnownFileType = sourcecode.c.h; path = GenericArrayController.h; sourceTree = "<group>"; };
		FCCFB2B2097FA42B009EA2B6 /* ImageAndTextCell.h */ = {isa = PBXFileReference; fileEncoding = 4; lastKnownFileType = sourcecode.c.h; path = ImageAndTextCell.h; sourceTree = "<group>"; };
		FCCFB2B3097FA42B009EA2B6 /* ImageAndTextCell.m */ = {isa = PBXFileReference; fileEncoding = 4; lastKnownFileType = sourcecode.c.objc; path = ImageAndTextCell.m; sourceTree = "<group>"; };
		FCCFB2C1097FA42B009EA2B6 /* Preferences.h */ = {isa = PBXFileReference; fileEncoding = 4; lastKnownFileType = sourcecode.c.h; path = Preferences.h; sourceTree = "<group>"; };
		FCCFB2C2097FA42B009EA2B6 /* Preferences.m */ = {isa = PBXFileReference; fileEncoding = 4; lastKnownFileType = sourcecode.c.objc; path = Preferences.m; sourceTree = "<group>"; };
		FCCFB2C3097FA42B009EA2B6 /* PrefsPanelController.h */ = {isa = PBXFileReference; fileEncoding = 4; lastKnownFileType = sourcecode.c.h; path = PrefsPanelController.h; sourceTree = "<group>"; };
		FCCFB2C4097FA42B009EA2B6 /* PrefsPanelController.m */ = {isa = PBXFileReference; fileEncoding = 4; lastKnownFileType = sourcecode.c.objc; path = PrefsPanelController.m; sourceTree = "<group>"; };
		FCCFB2C5097FA42B009EA2B6 /* PrefsPageBase.h */ = {isa = PBXFileReference; fileEncoding = 4; lastKnownFileType = sourcecode.c.h; path = PrefsPageBase.h; sourceTree = "<group>"; };
		FCCFB2C6097FA42B009EA2B6 /* PrefsPageBase.m */ = {isa = PBXFileReference; fileEncoding = 4; lastKnownFileType = sourcecode.c.objc; path = PrefsPageBase.m; sourceTree = "<group>"; };
		FCCFB2C7097FA42B009EA2B6 /* TreeMapPrefPage.h */ = {isa = PBXFileReference; fileEncoding = 4; lastKnownFileType = sourcecode.c.h; path = TreeMapPrefPage.h; sourceTree = "<group>"; };
		FCCFB2C8097FA42B009EA2B6 /* TreeMapPrefPage.m */ = {isa = PBXFileReference; fileEncoding = 4; lastKnownFileType = sourcecode.c.objc; path = TreeMapPrefPage.m; sourceTree = "<group>"; };
		FCCFB2C9097FA42B009EA2B6 /* GeneralPrefPage.h */ = {isa = PBXFileReference; fileEncoding = 4; lastKnownFileType = sourcecode.c.h; path = GeneralPrefPage.h; sourceTree = "<group>"; };
		FCCFB2CA097FA42B009EA2B6 /* GeneralPrefPage.m */ = {isa = PBXFileReference; fileEncoding = 4; lastKnownFileType = sourcecode.c.objc; path = GeneralPrefPage.m; sourceTree = "<group>"; };
		FCCFB2CE097FA42B009EA2B6 /* Timing.m */ = {isa = PBXFileReference; fileEncoding = 4; lastKnownFileType = sourcecode.c.objc; path = Timing.m; sourceTree = "<group>"; };
		FCCFB2CF097FA42B009EA2B6 /* Timing.h */ = {isa = PBXFileReference; fileEncoding = 4; lastKnownFileType = sourcecode.c.h; path = Timing.h; sourceTree = "<group>"; };
		FCCFB2D0097FA42B009EA2B6 /* FileSizeFormatter.h */ = {isa = PBXFileReference; fileEncoding = 4; lastKnownFileType = sourcecode.c.h; path = FileSizeFormatter.h; sourceTree = "<group>"; };
		FCCFB2D1097FA42B009EA2B6 /* FileSizeFormatter.m */ = {isa = PBXFileReference; fileEncoding = 4; lastKnownFileType = sourcecode.c.objc; path = FileSizeFormatter.m; sourceTree = "<group>"; };
		FCCFB2D2097FA42B009EA2B6 /* FileSizeTransformer.h */ = {isa = PBXFileReference; fileEncoding = 4; lastKnownFileType = sourcecode.c.h; path = FileSizeTransformer.h; sourceTree = "<group>"; };
		FCCFB2D3097FA42B009EA2B6 /* FileSizeTransformer.m */ = {isa = PBXFileReference; fileEncoding = 4; lastKnownFileType = sourcecode.c.objc; path = FileSizeTransformer.m; sourceTree = "<group>"; };
		FCCFB2D5097FA42B009EA2B6 /* DIXFileInfoView.h */ = {isa = PBXFileReference; fileEncoding = 4; lastKnownFileType = sourcecode.c.h; path = DIXFileInfoView.h; sourceTree = "<group>"; };
		FCCFB2D6097FA42B009EA2B6 /* DIXFileInfoView.m */ = {isa = PBXFileReference; fileEncoding = 4; lastKnownFileType = sourcecode.c.objc; path = DIXFileInfoView.m; sourceTree = "<group>"; };
		FCCFB2D7097FA42B009EA2B6 /* InfoPanelController.h */ = {isa = PBXFileReference; fileEncoding = 4; lastKnownFileType = sourcecode.c.h; path = InfoPanelController.h; sourceTree = "<group>"; };
		FCCFB2D8097FA42B009EA2B6 /* InfoPanelController.m */ = {isa = PBXFileReference; fileEncoding = 4; lastKnownFileType = sourcecode.c.objc; path = InfoPanelController.m; sourceTree = "<group>"; };
		FCCFB2DA097FA42B009EA2B6 /* SelectionListController.h */ = {isa = PBXFileReference; fileEncoding = 4; lastKnownFileType = sourcecode.c.h; path = SelectionListController.h; sourceTree = "<group>"; };
		FCCFB2DB097FA42B009EA2B6 /* SelectionListController.m */ = {isa = PBXFileReference; fileEncoding = 4; lastKnownFileType = sourcecode.c.objc; path = SelectionListController.m; sourceTree = "<group>"; };
		FCCFB2DC097FA42B009EA2B6 /* FileKindsPopupController.h */ = {isa = PBXFileReference; fileEncoding = 4; lastKnownFileType = sourcecode.c.h; path = FileKindsPopupController.h; sourceTree = "<group>"; };
		FCCFB2DD097FA42B009EA2B6 /* FileKindsPopupController.m */ = {isa = PBXFileReference; fileEncoding = 4; lastKnownFileType = sourcecode.c.objc; path = FileKindsPopupController.m; sourceTree = "<group>"; };
		FCCFB2DE097FA42B009EA2B6 /* SelectionListTableController.h */ = {isa = PBXFileReference; fileEncoding = 4; lastKnownFileType = sourcecode.c.h; path = SelectionListTableController.h; sourceTree = "<group>"; };
		FCCFB2DF097FA42B009EA2B6 /* SelectionListTableController.m */ = {isa = PBXFileReference; fileEncoding = 4; lastKnownFileType = sourcecode.c.objc; path = SelectionListTableController.m; sourceTree = "<group>"; };
		FCCFB2E1097FA42B009EA2B6 /* DrivesPanelController.h */ = {isa = PBXFileReference; fileEncoding = 4; lastKnownFileType = sourcecode.c.h; path = DrivesPanelController.h; sourceTree = "<group>"; };
		FCCFB2E2097FA42B009EA2B6 /* DrivesPanelController.m */ = {isa = PBXFileReference; fileEncoding = 4; lastKnownFileType = sourcecode.c.objc; path = DrivesPanelController.m; sourceTree = "<group>"; };
		FCCFB2E3097FA42B009EA2B6 /* VolumeNameTransformer.h */ = {isa = PBXFileReference; fileEncoding = 4; lastKnownFileType = sourcecode.c.h; path = VolumeNameTransformer.h; sourceTree = "<group>"; };
		FCCFB2E4097FA42B009EA2B6 /* VolumeNameTransformer.m */ = {isa = PBXFileReference; fileEncoding = 4; lastKnownFileType = sourcecode.c.objc; path = VolumeNameTransformer.m; sourceTree = "<group>"; };
		FCCFB2E5097FA42B009EA2B6 /* VolumeUsageTransformer.h */ = {isa = PBXFileReference; fileEncoding = 4; lastKnownFileType = sourcecode.c.h; path = VolumeUsageTransformer.h; sourceTree = "<group>"; };
		FCCFB2E6097FA42B009EA2B6 /* VolumeUsageTransformer.m */ = {isa = PBXFileReference; fileEncoding = 4; lastKnownFileType = sourcecode.c.objc; path = VolumeUsageTransformer.m; sourceTree = "<group>"; };
		FCCFB2E8097FA42B009EA2B6 /* TreeMapViewController.m */ = {isa = PBXFileReference; fileEncoding = 4; lastKnownFileType = sourcecode.c.objc; path = TreeMapViewController.m; sourceTree = "<group>"; };
		FCCFB2E9097FA42B009EA2B6 /* TreeMapViewController.h */ = {isa = PBXFileReference; fileEncoding = 4; lastKnownFileType = sourcecode.c.h; path = TreeMapViewController.h; sourceTree = "<group>"; };
		FCCFB2EB097FA42B009EA2B6 /* FileKindsTableController.m */ = {isa = PBXFileReference; fileEncoding = 4; lastKnownFileType = sourcecode.c.objc; path = FileKindsTableController.m; sourceTree = "<group>"; };
		FCCFB2EC097FA42B009EA2B6 /* FileKindsTableController.h */ = {isa = PBXFileReference; fileEncoding = 4; lastKnownFileType = sourcecode.c.h; path = FileKindsTableController.h; sourceTree = "<group>"; };
		FCCFB2EE097FA42B009EA2B6 /* FilesOutlineViewController.h */ = {isa = PBXFileReference; fileEncoding = 4; lastKnownFileType = sourcecode.c.h; path = FilesOutlineViewController.h; sourceTree = "<group>"; };
		FCCFB2EF097FA42B009EA2B6 /* FilesOutlineViewController.m */ = {isa = PBXFileReference; fileEncoding = 4; lastKnownFileType = sourcecode.c.objc; path = FilesOutlineViewController.m; sourceTree = "<group>"; };
		FCCFB2F3097FA42B009EA2B6 /* FSItemIndex.h */ = {isa = PBXFileReference; fileEncoding = 4; lastKnownFileType = sourcecode.c.h; path = FSItemIndex.h; sourceTree = "<group>"; };
		FCCFB2F4097FA42B009EA2B6 /* FSItemIndex.m */ = {isa = PBXFileReference; fileEncoding = 4; lastKnownFileType = sourcecode.c.objc; path = FSItemIndex.m; sourceTree = "<group>"; };
		FCCFB2F5097FA42B009EA2B6 /* LoadingPanelController.h */ = {isa = PBXFileReference; fileEncoding = 4; lastKnownFileType = sourcecode.c.h; path = LoadingPanelController.h; sourceTree = "<group>"; };
		FCCFB2F6097FA42B009EA2B6 /* LoadingPanelController.m */ = {isa = PBXFileReference; fileEncoding = 4; lastKnownFileType = sourcecode.c.objc; path = LoadingPanelController.m; sourceTree = "<group>"; };
		FCCFB2F7097FA42B009EA2B6 /* FSItem-Utilities.h */ = {isa = PBXFileReference; fileEncoding = 4; lastKnownFileType = sourcecode.c.h; path = "FSItem-Utilities.h"; sourceTree = "<group>"; };
		FCCFB2F8097FA42B009EA2B6 /* FSItem-Utilities.m */ = {isa = PBXFileReference; fileEncoding = 4; lastKnownFileType = sourcecode.c.objc; path = "FSItem-Utilities.m"; sourceTree = "<group>"; };
		FCCFB2F9097FA42B009EA2B6 /* MyDocumentController.m */ = {isa = PBXFileReference; fileEncoding = 4; lastKnownFileType = sourcecode.c.objc; path = MyDocumentController.m; sourceTree = "<group>"; };
		FCCFB2FA097FA42B009EA2B6 /* MyDocumentController.h */ = {isa = PBXFileReference; fileEncoding = 4; lastKnownFileType = sourcecode.c.h; path = MyDocumentController.h; sourceTree = "<group>"; };
		FCCFB2FB097FA42B009EA2B6 /* MainWindowController.m */ = {isa = PBXFileReference; fileEncoding = 4; lastKnownFileType = sourcecode.c.objc; path = MainWindowController.m; sourceTree = "<group>"; };
		FCCFB2FC097FA42B009EA2B6 /* MainWindowController.h */ = {isa = PBXFileReference; fileEncoding = 4; lastKnownFileType = sourcecode.c.h; path = MainWindowController.h; sourceTree = "<group>"; };
		FCCFB2FD097FA42B009EA2B6 /* FSItem.h */ = {isa = PBXFileReference; fileEncoding = 4; lastKnownFileType = sourcecode.c.h; path = FSItem.h; sourceTree = "<group>"; };
		FCCFB2FE097FA42B009EA2B6 /* FSItem.m */ = {isa = PBXFileReference; fileEncoding = 4; lastKnownFileType = sourcecode.c.objc; path = FSItem.m; sourceTree = "<group>"; };
		FCCFB2FF097FA42B009EA2B6 /* FileTypeColors.m */ = {isa = PBXFileReference; fileEncoding = 4; lastKnownFileType = sourcecode.c.objc; path = FileTypeColors.m; sourceTree = "<group>"; };
		FCCFB300097FA42B009EA2B6 /* FileTypeColors.h */ = {isa = PBXFileReference; fileEncoding = 4; lastKnownFileType = sourcecode.c.h; path = FileTypeColors.h; sourceTree = "<group>"; };
		FCCFB301097FA42B009EA2B6 /* FileSystemDoc.m */ = {isa = PBXFileReference; fileEncoding = 4; lastKnownFileType = sourcecode.c.objc; path = FileSystemDoc.m; sourceTree = "<group>"; };
		FCCFB302097FA42B009EA2B6 /* FileSystemDoc.h */ = {isa = PBXFileReference; fileEncoding = 4; lastKnownFileType = sourcecode.c.h; path = FileSystemDoc.h; sourceTree = "<group>"; };
		FCCFB32A097FA44A009EA2B6 /* MainWindowToolbar.toolbar */ = {isa = PBXFileReference; fileEncoding = 4; lastKnownFileType = text.xml; path = MainWindowToolbar.toolbar; sourceTree = "<group>"; };
		FCCFB33A097FA44A009EA2B6 /* Info.plist */ = {isa = PBXFileReference; fileEncoding = 4; lastKnownFileType = text.plist.xml; path = Info.plist; sourceTree = "<group>"; };
		FCD5DAFB09CDD4260051C1CF /* MainWindow.h */ = {isa = PBXFileReference; fileEncoding = 4; lastKnownFileType = sourcecode.c.h; path = MainWindow.h; sourceTree = "<group>"; };
		FCD5DAFC09CDD4260051C1CF /* MainWindow.m */ = {isa = PBXFileReference; fileEncoding = 4; lastKnownFileType = sourcecode.c.objc; path = MainWindow.m; sourceTree = "<group>"; };
		FCD71DB50984141E00590D16 /* feature suggestions.txt */ = {isa = PBXFileReference; fileEncoding = 4; lastKnownFileType = text; name = "feature suggestions.txt"; path = "documentation/feature suggestions.txt"; sourceTree = "<group>"; };
		FCD71DB60984141E00590D16 /* known bugs.txt */ = {isa = PBXFileReference; fileEncoding = 4; lastKnownFileType = text; name = "known bugs.txt"; path = "documentation/known bugs.txt"; sourceTree = "<group>"; };
		FCD71DB70984141E00590D16 /* release notes.txt */ = {isa = PBXFileReference; fileEncoding = 4; lastKnownFileType = text; name = "release notes.txt"; path = "documentation/release notes.txt"; sourceTree = "<group>"; };
		FCFB17B521B876A400E3F8C4 /* Images.xcassets */ = {isa = PBXFileReference; lastKnownFileType = folder.assetcatalog; path = Resources/Images.xcassets; sourceTree = "<group>"; };
		DEC0DE000000000000000001 /* TreeMapView.h */ = {isa = PBXFileReference; fileEncoding = 4; lastKnownFileType = sourcecode.c.h; path = "TreeMapView.h"; sourceTree = "<group>"; };
		DEC0DE000000000000000002 /* TreeMapView.m */ = {isa = PBXFileReference; fileEncoding = 4; lastKnownFileType = sourcecode.c.objc; path = "TreeMapView.m"; sourceTree = "<group>"; };
		DEC0DE000000000000000004 /* TMVItem.h */ = {isa = PBXFileReference; fileEncoding = 4; lastKnownFileType = sourcecode.c.h; path = "TMVItem.h"; sourceTree = "<group>"; };
		DEC0DE000000000000000005 /* TMVItem.m */ = {isa = PBXFileReference; fileEncoding = 4; lastKnownFileType = sourcecode.c.objc; path = "TMVItem.m"; sourceTree = "<group>"; };
		DEC0DE000000000000000007 /* TMVCushionRenderer.h */ = {isa = PBXFileReference; fileEncoding = 4; lastKnownFileType = sourcecode.c.h; path = "TMVCushionRenderer.h"; sourceTree = "<group>"; };
		DEC0DE000000000000000008 /* TMVCushionRenderer.m */ = {isa = PBXFileReference; fileEncoding = 4; lastKnownFileType = sourcecode.c.objc; path = "TMVCushionRenderer.m"; sourceTree = "<group>"; };
		DEC0DE00000000000000000A /* ZoomInfo.h */ = {isa = PBXFileReference; fileEncoding = 4; lastKnownFileType = sourcecode.c.h; path = "ZoomInfo.h"; sourceTree = "<group>"; };
		DEC0DE00000000000000000B /* ZoomInfo.m */ = {isa = PBXFileReference; fileEncoding = 4; lastKnownFileType = sourcecode.c.objc; path = "ZoomInfo.m"; sourceTree = "<group>"; };
		DEC0DE00000000000000000D /* NSBitmapImageRep-CreationExtensions.h */ = {isa = PBXFileReference; fileEncoding = 4; lastKnownFileType = sourcecode.c.h; path = "NSBitmapImageRep-CreationExtensions.h"; sourceTree = "<group>"; };
		DEC0DE00000000000000000E /* NSBitmapImageRep-CreationExtensions.m */ = {isa = PBXFileReference; fileEncoding = 4; lastKnownFileType = sourcecode.c.objc; path = "NSBitmapImageRep-CreationExtensions.m"; sourceTree = "<group>"; };
		DEC0DE000000000000000010 /* NSView-BackingCoordsHelpers.h */ = {isa = PBXFileReference; fileEncoding = 4; lastKnownFileType = sourcecode.c.h; path = "NSView-BackingCoordsHelpers.h"; sourceTree = "<group>"; };
		DEC0DE000000000000000011 /* NSView-BackingCoordsHelpers.m */ = {isa = PBXFileReference; fileEncoding = 4; lastKnownFileType = sourcecode.c.objc; path = "NSView-BackingCoordsHelpers.m"; sourceTree = "<group>"; };
		DEC1DE000000000000000001 /* ToolbarWindowController.h */ = {isa = PBXFileReference; fileEncoding = 4; lastKnownFileType = sourcecode.c.h; path = "ToolbarWindowController.h"; sourceTree = "<group>"; };
		DEC1DE000000000000000002 /* ToolbarWindowController.m */ = {isa = PBXFileReference; fileEncoding = 4; lastKnownFileType = sourcecode.c.objc; path = "ToolbarWindowController.m"; sourceTree = "<group>"; };
		DEC1DE000000000000000004 /* PrefsPageRecord.h */ = {isa = PBXFileReference; fileEncoding = 4; lastKnownFileType = sourcecode.c.h; path = "PrefsPageRecord.h"; sourceTree = "<group>"; };
		DEC1DE000000000000000005 /* PrefsPageRecord.m */ = {isa = PBXFileReference; fileEncoding = 4; lastKnownFileType = sourcecode.c.objc; path = "PrefsPageRecord.m"; sourceTree = "<group>"; };
		DEC5DE000000000000000001 /* PrefsPageLayout.h */ = {isa = PBXFileReference; fileEncoding = 4; lastKnownFileType = sourcecode.c.h; path = "PrefsPageLayout.h"; sourceTree = "<group>"; };
		DEC5DE000000000000000002 /* PrefsPageLayout.m */ = {isa = PBXFileReference; fileEncoding = 4; lastKnownFileType = sourcecode.c.objc; path = "PrefsPageLayout.m"; sourceTree = "<group>"; };
		DEC2DE000000000000000001 /* NSAlert-Extensions.h */ = {isa = PBXFileReference; fileEncoding = 4; lastKnownFileType = sourcecode.c.h; path = "NSAlert-Extensions.h"; sourceTree = "<group>"; };
		DEC2DE000000000000000002 /* NSAlert-Extensions.m */ = {isa = PBXFileReference; fileEncoding = 4; lastKnownFileType = sourcecode.c.objc; path = "NSAlert-Extensions.m"; sourceTree = "<group>"; };
		DEC4DE000000000000000001 /* NSImage-Extensions.h */ = {isa = PBXFileReference; fileEncoding = 4; lastKnownFileType = sourcecode.c.h; path = "NSImage-Extensions.h"; sourceTree = "<group>"; };
		DEC4DE000000000000000002 /* NSImage-Extensions.m */ = {isa = PBXFileReference; fileEncoding = 4; lastKnownFileType = sourcecode.c.objc; path = "NSImage-Extensions.m"; sourceTree = "<group>"; };
/* End PBXFileReference section */

/* Begin PBXFrameworksBuildPhase section */
		8D15AC330486D014006FF6A4 /* Frameworks */ = {
			isa = PBXFrameworksBuildPhase;
			buildActionMask = 2147483647;
			files = (
				FC2B2BBD277E47320040ED6C /* Foundation.framework in Frameworks */,
				FC2B2BBB277E472C0040ED6C /* Cocoa.framework in Frameworks */,
				FC2B2BBC277E472F0040ED6C /* AppKit.framework in Frameworks */,
			);
			runOnlyForDeploymentPostprocessing = 0;
		};
/* End PBXFrameworksBuildPhase section */

/* Begin PBXGroup section */
		1058C7A6FEA54F5311CA2CBB /* Linked Frameworks */ = {
			isa = PBXGroup;
			children = (
				1058C7A7FEA54F5311CA2CBB /* Cocoa.framework */,
			);
			includeInIndex = 0;
			name = "Linked Frameworks";
			sourceTree = "<group>";
		};
		1058C7A8FEA54F5311CA2CBB /* Other Frameworks */ = {
			isa = PBXGroup;
			children = (
				2A37F4C4FDCFA73011CA2CEA /* AppKit.framework */,
				2A37F4C5FDCFA73011CA2CEA /* Foundation.framework */,
			);
			includeInIndex = 0;
			name = "Other Frameworks";
			sourceTree = "<group>";
		};
		19C28FB0FE9D524F11CA2CBB /* Products */ = {
			isa = PBXGroup;
			children = (
				8D15AC370486D014006FF6A4 /* Disk Inventory Next.app */,
			);
			name = Products;
			sourceTree = "<group>";
		};
		2A37F4AAFDCFA73011CA2CEA /* Disk Inventory Next */ = {
			isa = PBXGroup;
			children = (
				FCB5709822CD2DE60014B794 /* BuildRelease.sh */,
				FC2DB78221AF4E1100F24C1E /* Disk Inventory Next.entitlements */,
				FCD71DB4098413FF00590D16 /* Documentation */,
				DEC3DE000000000000000001 /* Source */,
				2A37F4B8FDCFA73011CA2CEA /* Resources */,
				2A37F4C3FDCFA73011CA2CEA /* Frameworks */,
				FCEE299D106266CB00B16DBB /* Project References */,
				19C28FB0FE9D524F11CA2CBB /* Products */,
			);
			name = "Disk Inventory Next";
			sourceTree = "<group>";
		};
		DEC3DE000000000000000001 /* Source */ = {
			isa = PBXGroup;
			children = (
				DEC3DE000000000000000002 /* App */,
				DEC3DE000000000000000003 /* Model */,
				DEC3DE000000000000000004 /* Controllers */,
				DEC3DE000000000000000005 /* Panels */,
				FCCFB2C0097FA42B009EA2B6 /* Preferences */,
				DEC3DE000000000000000006 /* Views */,
				DEC3DE000000000000000007 /* Extensions */,
				DEC3DE000000000000000008 /* Helpers */,
				DEC0DE00000000000000003C /* TreeMapView */,
			);
			path = Source;
			sourceTree = "<group>";
		};
		DEC3DE000000000000000002 /* App */ = {
			isa = PBXGroup;
			children = (
				FC2A42882219C89900A484D7 /* AppController.h */,
				FC2A42892219C89900A484D7 /* AppController.m */,
				FCCFB2FA097FA42B009EA2B6 /* MyDocumentController.h */,
				FCCFB2F9097FA42B009EA2B6 /* MyDocumentController.m */,
				FCD5DAFB09CDD4260051C1CF /* MainWindow.h */,
				FCD5DAFC09CDD4260051C1CF /* MainWindow.m */,
				FCCFB2FC097FA42B009EA2B6 /* MainWindowController.h */,
				FCCFB2FB097FA42B009EA2B6 /* MainWindowController.m */,
				DEC1DE000000000000000001 /* ToolbarWindowController.h */,
				DEC1DE000000000000000002 /* ToolbarWindowController.m */,
				FCCFB2A9097FA3FD009EA2B6 /* main.m */,
				32DBCF750370BD2300C91783 /* Disk Inventory Next_Prefix.pch */,
			);
			path = App;
			sourceTree = "<group>";
		};
		DEC3DE000000000000000003 /* Model */ = {
			isa = PBXGroup;
			children = (
				FCCFB2FD097FA42B009EA2B6 /* FSItem.h */,
				FCCFB2FE097FA42B009EA2B6 /* FSItem.m */,
				FCCFB2F7097FA42B009EA2B6 /* FSItem-Utilities.h */,
				FCCFB2F8097FA42B009EA2B6 /* FSItem-Utilities.m */,
				FCCFB2F3097FA42B009EA2B6 /* FSItemIndex.h */,
				FCCFB2F4097FA42B009EA2B6 /* FSItemIndex.m */,
				FCCFB302097FA42B009EA2B6 /* FileSystemDoc.h */,
				FCCFB301097FA42B009EA2B6 /* FileSystemDoc.m */,
				FCCFB300097FA42B009EA2B6 /* FileTypeColors.h */,
				FCCFB2FF097FA42B009EA2B6 /* FileTypeColors.m */,
			);
			path = Model;
			sourceTree = "<group>";
		};
		DEC3DE000000000000000004 /* Controllers */ = {
			isa = PBXGroup;
			children = (
				FCCFB2E9097FA42B009EA2B6 /* TreeMapViewController.h */,
				FCCFB2E8097FA42B009EA2B6 /* TreeMapViewController.m */,
				FCCFB2EE097FA42B009EA2B6 /* FilesOutlineViewController.h */,
				FCCFB2EF097FA42B009EA2B6 /* FilesOutlineViewController.m */,
				FCCFB2EC097FA42B009EA2B6 /* FileKindsTableController.h */,
				FCCFB2EB097FA42B009EA2B6 /* FileKindsTableController.m */,
				FCCFB2DA097FA42B009EA2B6 /* SelectionListController.h */,
				FCCFB2DB097FA42B009EA2B6 /* SelectionListController.m */,
				FCCFB2DE097FA42B009EA2B6 /* SelectionListTableController.h */,
				FCCFB2DF097FA42B009EA2B6 /* SelectionListTableController.m */,
				FCCFB2DC097FA42B009EA2B6 /* FileKindsPopupController.h */,
				FCCFB2DD097FA42B009EA2B6 /* FileKindsPopupController.m */,
			);
			path = Controllers;
			sourceTree = "<group>";
		};
		DEC3DE000000000000000005 /* Panels */ = {
			isa = PBXGroup;
			children = (
				FCCFB2D7097FA42B009EA2B6 /* InfoPanelController.h */,
				FCCFB2D8097FA42B009EA2B6 /* InfoPanelController.m */,
				FCCFB2D5097FA42B009EA2B6 /* DIXFileInfoView.h */,
				FCCFB2D6097FA42B009EA2B6 /* DIXFileInfoView.m */,
				FCCFB2E1097FA42B009EA2B6 /* DrivesPanelController.h */,
				FCCFB2E2097FA42B009EA2B6 /* DrivesPanelController.m */,
				FCCFB2E3097FA42B009EA2B6 /* VolumeNameTransformer.h */,
				FCCFB2E4097FA42B009EA2B6 /* VolumeNameTransformer.m */,
				FCCFB2E5097FA42B009EA2B6 /* VolumeUsageTransformer.h */,
				FCCFB2E6097FA42B009EA2B6 /* VolumeUsageTransformer.m */,
				FCCFB2F5097FA42B009EA2B6 /* LoadingPanelController.h */,
				FCCFB2F6097FA42B009EA2B6 /* LoadingPanelController.m */,
			);
			path = Panels;
			sourceTree = "<group>";
		};
		FCCFB2C0097FA42B009EA2B6 /* Preferences */ = {
			isa = PBXGroup;
			children = (
				FCCFB2C1097FA42B009EA2B6 /* Preferences.h */,
				FCCFB2C2097FA42B009EA2B6 /* Preferences.m */,
				FCCFB2C3097FA42B009EA2B6 /* PrefsPanelController.h */,
				FCCFB2C4097FA42B009EA2B6 /* PrefsPanelController.m */,
				FCCFB2C5097FA42B009EA2B6 /* PrefsPageBase.h */,
				FCCFB2C6097FA42B009EA2B6 /* PrefsPageBase.m */,
				DEC1DE000000000000000004 /* PrefsPageRecord.h */,
				DEC1DE000000000000000005 /* PrefsPageRecord.m */,
				DEC5DE000000000000000001 /* PrefsPageLayout.h */,
				DEC5DE000000000000000002 /* PrefsPageLayout.m */,
				FCCFB2C9097FA42B009EA2B6 /* GeneralPrefPage.h */,
				FCCFB2CA097FA42B009EA2B6 /* GeneralPrefPage.m */,
				FCCFB2C7097FA42B009EA2B6 /* TreeMapPrefPage.h */,
				FCCFB2C8097FA42B009EA2B6 /* TreeMapPrefPage.m */,
			);
			path = Preferences;
			sourceTree = "<group>";
		};
		DEC3DE000000000000000006 /* Views */ = {
			isa = PBXGroup;
			children = (
				FCCFB2AC097FA42B009EA2B6 /* DIXTableView.h */,
				FCCFB2AD097FA42B009EA2B6 /* DIXTableView.m */,
				FCCFB2AE097FA42B009EA2B6 /* DIXOutlineView.h */,
				FCCFB2AF097FA42B009EA2B6 /* DIXOutlineView.m */,
				FCCFB2B2097FA42B009EA2B6 /* ImageAndTextCell.h */,
				FCCFB2B3097FA42B009EA2B6 /* ImageAndTextCell.m */,
				FCCFB2B1097FA42B009EA2B6 /* GenericArrayController.h */,
				FCCFB2B0097FA42B009EA2B6 /* GenericArrayController.m */,
			);
			path = Views;
			sourceTree = "<group>";
		};
		DEC3DE000000000000000007 /* Extensions */ = {
			isa = PBXGroup;
			children = (
				DEC2DE000000000000000001 /* NSAlert-Extensions.h */,
				DEC2DE000000000000000002 /* NSAlert-Extensions.m */,
				DEC4DE000000000000000001 /* NSImage-Extensions.h */,
				DEC4DE000000000000000002 /* NSImage-Extensions.m */,
				FC33B458230C846F00133632 /* NSURL-Extensions.h */,
				FC33B459230C846F00133632 /* NSURL-Extensions.m */,
				FCB2FDC22375F4E100DC4806 /* NSFileManager-Extensions.h */,
				FCB2FDC32375F4E100DC4806 /* NSFileManager-Extensions.m */,
			);
			path = Extensions;
			sourceTree = "<group>";
		};
		DEC3DE000000000000000008 /* Helpers */ = {
			isa = PBXGroup;
			children = (
				FCCFB2CF097FA42B009EA2B6 /* Timing.h */,
				FCCFB2CE097FA42B009EA2B6 /* Timing.m */,
				FCCFB2D0097FA42B009EA2B6 /* FileSizeFormatter.h */,
				FCCFB2D1097FA42B009EA2B6 /* FileSizeFormatter.m */,
				FCCFB2D2097FA42B009EA2B6 /* FileSizeTransformer.h */,
				FCCFB2D3097FA42B009EA2B6 /* FileSizeTransformer.m */,
				FC4C4FF40981520A004CCA22 /* AppsForItem.h */,
				FC4C4FF50981520A004CCA22 /* AppsForItem.m */,
			);
			path = Helpers;
			sourceTree = "<group>";
		};
		DEC0DE00000000000000003C /* TreeMapView */ = {
			isa = PBXGroup;
			children = (
				DEC0DE000000000000000001 /* TreeMapView.h */,
				DEC0DE000000000000000002 /* TreeMapView.m */,
				DEC0DE000000000000000004 /* TMVItem.h */,
				DEC0DE000000000000000005 /* TMVItem.m */,
				DEC0DE000000000000000007 /* TMVCushionRenderer.h */,
				DEC0DE000000000000000008 /* TMVCushionRenderer.m */,
				DEC0DE00000000000000000A /* ZoomInfo.h */,
				DEC0DE00000000000000000B /* ZoomInfo.m */,
				DEC0DE00000000000000000D /* NSBitmapImageRep-CreationExtensions.h */,
				DEC0DE00000000000000000E /* NSBitmapImageRep-CreationExtensions.m */,
				DEC0DE000000000000000010 /* NSView-BackingCoordsHelpers.h */,
				DEC0DE000000000000000011 /* NSView-BackingCoordsHelpers.m */,
			);
			path = TreeMapView;
			sourceTree = "<group>";
		};
		2A37F4B8FDCFA73011CA2CEA /* Resources */ = {
			isa = PBXGroup;
			children = (
				FCFB17B521B876A400E3F8C4 /* Images.xcassets */,
				FCCFB336097FA44A009EA2B6 /* Preferences */,
				FCCFB329097FA44A009EA2B6 /* Toolbar */,
				FCCFB34F097FA4C1009EA2B6 /* DonationPanel.nib */,
				FCCFB35E097FA4C1009EA2B6 /* InfoPanel.nib */,
				FCCFB362097FA4C1009EA2B6 /* LoadingPanel.nib */,
				FCCFB366097FA4C1009EA2B6 /* MainMenu.nib */,
				FCCFB36A097FA4C1009EA2B6 /* TreeMap.nib */,
				FCCFB36E097FA4C1009EA2B6 /* VolumesPanel.nib */,
				FCCFB364097FA4C1009EA2B6 /* Localizable.strings */,
				FCCFB34D097FA4C1009EA2B6 /* Credits.rtf */,
				FCCFB360097FA4C1009EA2B6 /* InfoPlist.strings */,
				FCCFB33A097FA44A009EA2B6 /* Info.plist */,
				FC4C4ABF09802035004CCA22 /* Help */,
			);
			includeInIndex = 0;
			name = Resources;
			sourceTree = "<group>";
		};
		FCCFB329097FA44A009EA2B6 /* Toolbar */ = {
			isa = PBXGroup;
			children = (
				FCCFB32A097FA44A009EA2B6 /* MainWindowToolbar.toolbar */,
			);
			name = Toolbar;
			path = "Resources/Toolbar";
			sourceTree = "<group>";
		};
		FCCFB336097FA44A009EA2B6 /* Preferences */ = {
			isa = PBXGroup;
			children = (
				FCCFB368097FA4C1009EA2B6 /* Preferences.strings */,
			);
			name = Preferences;
			sourceTree = "<group>";
		};
		2A37F4C3FDCFA73011CA2CEA /* Frameworks */ = {
			isa = PBXGroup;
			children = (
				1058C7A6FEA54F5311CA2CBB /* Linked Frameworks */,
				1058C7A8FEA54F5311CA2CBB /* Other Frameworks */,
			);
			includeInIndex = 0;
			name = Frameworks;
			sourceTree = "<group>";
		};
		FCD71DB4098413FF00590D16 /* Documentation */ = {
			isa = PBXGroup;
			children = (
				FCD71DB50984141E00590D16 /* feature suggestions.txt */,
				FCD71DB60984141E00590D16 /* known bugs.txt */,
				FCD71DB70984141E00590D16 /* release notes.txt */,
				FC2C2CA1238C802600D04E20 /* macOS privacy protected folders.txt */,
				FC2C2CA0238C802600D04E20 /* memory usage using NSURL.txt */,
			);
			name = Documentation;
			sourceTree = "<group>";
		};
		FCEE299D106266CB00B16DBB /* Project References */ = {
			isa = PBXGroup;
			children = (
			);
			name = "Project References";
			sourceTree = "<group>";
		};
/* End PBXGroup section */

/* Begin PBXNativeTarget section */
		8D15AC270486D014006FF6A4 /* Disk Inventory Next */ = {
			isa = PBXNativeTarget;
			buildConfigurationList = C05733C708A9546B00998B17 /* Build configuration list for PBXNativeTarget "Disk Inventory Next" */;
			buildPhases = (
				8D15AC2B0486D014006FF6A4 /* Resources */,
				8D15AC300486D014006FF6A4 /* Sources */,
				8D15AC330486D014006FF6A4 /* Frameworks */,
				FCED9ED9106ABB4D00667E44 /* CopyFiles */,
			);
			buildRules = (
			);
			dependencies = (
			);
			name = "Disk Inventory Next";
			productInstallPath = "$(HOME)/Applications";
			productName = "Disk Inventory Next";
			productReference = 8D15AC370486D014006FF6A4 /* Disk Inventory Next.app */;
			productType = "com.apple.product-type.application";
		};
/* End PBXNativeTarget section */

/* Begin PBXProject section */
		2A37F4A9FDCFA73011CA2CEA /* Project object */ = {
			isa = PBXProject;
			attributes = {
				LastUpgradeCheck = 2600;
				TargetAttributes = {
					8D15AC270486D014006FF6A4 = {
						ProvisioningStyle = Automatic;
						SystemCapabilities = {
							com.apple.HardenedRuntime = {
								enabled = 0;
							};
							com.apple.Sandbox = {
								enabled = 0;
							};
						};
					};
				};
			};
			buildConfigurationList = C05733CB08A9546B00998B17 /* Build configuration list for PBXProject "Disk Inventory Next" */;
			compatibilityVersion = "Xcode 8.0";
			developmentRegion = en;
			hasScannedForEncodings = 1;
			knownRegions = (
				en,
				de,
				es,
				fr,
			);
			mainGroup = 2A37F4AAFDCFA73011CA2CEA /* Disk Inventory Next */;
			projectDirPath = "";
			projectRoot = "";
			targets = (
				8D15AC270486D014006FF6A4 /* Disk Inventory Next */,
			);
		};
/* End PBXProject section */

/* Begin PBXResourcesBuildPhase section */
		8D15AC2B0486D014006FF6A4 /* Resources */ = {
			isa = PBXResourcesBuildPhase;
			buildActionMask = 2147483647;
			files = (
				FCCFB33C097FA44A009EA2B6 /* MainWindowToolbar.toolbar in Resources */,
				FCFB17B621B876A400E3F8C4 /* Images.xcassets in Resources */,
				FC2C2CA3238C802600D04E20 /* macOS privacy protected folders.txt in Resources */,
				FCCFB370097FA4C1009EA2B6 /* Credits.rtf in Resources */,
				FCCFB371097FA4C1009EA2B6 /* DonationPanel.nib in Resources */,
				FCCFB37A097FA4C1009EA2B6 /* InfoPanel.nib in Resources */,
				FCCFB37B097FA4C1009EA2B6 /* InfoPlist.strings in Resources */,
				FCCFB37C097FA4C1009EA2B6 /* LoadingPanel.nib in Resources */,
				FCCFB37D097FA4C1009EA2B6 /* Localizable.strings in Resources */,
				FCCFB37E097FA4C1009EA2B6 /* MainMenu.nib in Resources */,
				FCCFB37F097FA4C1009EA2B6 /* Preferences.strings in Resources */,
				FCCFB380097FA4C1009EA2B6 /* TreeMap.nib in Resources */,
				FC2C2CA2238C802600D04E20 /* memory usage using NSURL.txt in Resources */,
				FCCFB382097FA4C1009EA2B6 /* VolumesPanel.nib in Resources */,
				FC4C4AC109802035004CCA22 /* Help in Resources */,
			);
			runOnlyForDeploymentPostprocessing = 0;
		};
/* End PBXResourcesBuildPhase section */

/* Begin PBXShellScriptBuildPhase section */
/* End PBXShellScriptBuildPhase section */

/* Begin PBXSourcesBuildPhase section */
		8D15AC300486D014006FF6A4 /* Sources */ = {
			isa = PBXSourcesBuildPhase;
			buildActionMask = 2147483647;
			files = (
				DEC2DE000000000000000003 /* NSAlert-Extensions.m in Sources */,
				DEC4DE000000000000000003 /* NSImage-Extensions.m in Sources */,
				DEC1DE000000000000000003 /* ToolbarWindowController.m in Sources */,
				DEC1DE000000000000000006 /* PrefsPageRecord.m in Sources */,
				DEC5DE000000000000000003 /* PrefsPageLayout.m in Sources */,
				DEC0DE000000000000000003 /* TreeMapView.m in Sources */,
				DEC0DE000000000000000006 /* TMVItem.m in Sources */,
				DEC0DE000000000000000009 /* TMVCushionRenderer.m in Sources */,
				DEC0DE00000000000000000C /* ZoomInfo.m in Sources */,
				DEC0DE00000000000000000F /* NSBitmapImageRep-CreationExtensions.m in Sources */,
				DEC0DE000000000000000012 /* NSView-BackingCoordsHelpers.m in Sources */,
				FCCFB2AA097FA3FD009EA2B6 /* main.m in Sources */,
				FCCFB303097FA42B009EA2B6 /* DIXTableView.m in Sources */,
				FCCFB304097FA42B009EA2B6 /* DIXOutlineView.m in Sources */,
				FCCFB305097FA42B009EA2B6 /* GenericArrayController.m in Sources */,
				FCCFB306097FA42B009EA2B6 /* ImageAndTextCell.m in Sources */,
				FCCFB30C097FA42B009EA2B6 /* Preferences.m in Sources */,
				FCCFB30D097FA42B009EA2B6 /* PrefsPanelController.m in Sources */,
				FCCFB30E097FA42B009EA2B6 /* PrefsPageBase.m in Sources */,
				FCCFB30F097FA42B009EA2B6 /* TreeMapPrefPage.m in Sources */,
				FCCFB310097FA42B009EA2B6 /* GeneralPrefPage.m in Sources */,
				FCCFB312097FA42B009EA2B6 /* Timing.m in Sources */,
				FCCFB313097FA42B009EA2B6 /* FileSizeFormatter.m in Sources */,
				FCCFB314097FA42B009EA2B6 /* FileSizeTransformer.m in Sources */,
				FCCFB315097FA42B009EA2B6 /* DIXFileInfoView.m in Sources */,
				FCCFB316097FA42B009EA2B6 /* InfoPanelController.m in Sources */,
				FCCFB317097FA42B009EA2B6 /* SelectionListController.m in Sources */,
				FCCFB318097FA42B009EA2B6 /* FileKindsPopupController.m in Sources */,
				FCB2FDC42375F4E100DC4806 /* NSFileManager-Extensions.m in Sources */,
				FCCFB319097FA42B009EA2B6 /* SelectionListTableController.m in Sources */,
				FCCFB31A097FA42B009EA2B6 /* DrivesPanelController.m in Sources */,
				FCCFB31B097FA42B009EA2B6 /* VolumeNameTransformer.m in Sources */,
				FCCFB31C097FA42B009EA2B6 /* VolumeUsageTransformer.m in Sources */,
				FC2A428A2219C89900A484D7 /* AppController.m in Sources */,
				FCCFB31D097FA42B009EA2B6 /* TreeMapViewController.m in Sources */,
				FCCFB31E097FA42B009EA2B6 /* FileKindsTableController.m in Sources */,
				FCCFB31F097FA42B009EA2B6 /* FilesOutlineViewController.m in Sources */,
				FCCFB321097FA42B009EA2B6 /* FSItemIndex.m in Sources */,
				FCCFB322097FA42B009EA2B6 /* LoadingPanelController.m in Sources */,
				FCCFB323097FA42B009EA2B6 /* FSItem-Utilities.m in Sources */,
				FCCFB324097FA42B009EA2B6 /* MyDocumentController.m in Sources */,
				FCCFB325097FA42B009EA2B6 /* MainWindowController.m in Sources */,
				FCCFB326097FA42B009EA2B6 /* FSItem.m in Sources */,
				FCCFB327097FA42B009EA2B6 /* FileTypeColors.m in Sources */,
				FCCFB328097FA42B009EA2B6 /* FileSystemDoc.m in Sources */,
				FC4C4FF70981520A004CCA22 /* AppsForItem.m in Sources */,
				FCD5DAFE09CDD4260051C1CF /* MainWindow.m in Sources */,
				FC33B45A230C846F00133632 /* NSURL-Extensions.m in Sources */,
			);
			runOnlyForDeploymentPostprocessing = 0;
		};
/* End PBXSourcesBuildPhase section */

/* Begin PBXVariantGroup section */
		FC4C4ABF09802035004CCA22 /* Help */ = {
			isa = PBXVariantGroup;
			children = (
				FC2D7D7E21FE4ABC004D0614 /* de */,
				FC42B86F2202405A0080570A /* es */,
				FCA1D0C72205FF2D004E9468 /* fr */,
				FC2B2B7C277E43D10040ED6C /* en */,
			);
			name = Help;
			sourceTree = SOURCE_ROOT;
		};
		FCCFB34D097FA4C1009EA2B6 /* Credits.rtf */ = {
			isa = PBXVariantGroup;
			children = (
				FC2D7D7C21FE4ABB004D0614 /* de */,
				FC42B86D2202405A0080570A /* es */,
				FCA1D0C52205FF2D004E9468 /* fr */,
				FC2B2B7A277E43D00040ED6C /* en */,
			);
			name = Credits.rtf;
			sourceTree = "<group>";
		};
		FCCFB34F097FA4C1009EA2B6 /* DonationPanel.nib */ = {
			isa = PBXVariantGroup;
			children = (
				FC2D7D7521FE4ABB004D0614 /* de */,
				FC42B8662202405A0080570A /* es */,
				FCA1D0BE2205FF2D004E9468 /* fr */,
				FC2B2B7B277E43D10040ED6C /* en */,
			);
			name = DonationPanel.nib;
			sourceTree = "<group>";
		};
		FCCFB35E097FA4C1009EA2B6 /* InfoPanel.nib */ = {
			isa = PBXVariantGroup;
			children = (
				FC2D7D7621FE4ABB004D0614 /* de */,
				FC42B8672202405A0080570A /* es */,
				FCA1D0BF2205FF2D004E9468 /* fr */,
				FC2B2B7D277E43D10040ED6C /* en */,
			);
			name = InfoPanel.nib;
			sourceTree = "<group>";
		};
		FCCFB360097FA4C1009EA2B6 /* InfoPlist.strings */ = {
			isa = PBXVariantGroup;
			children = (
				FC2D7D7D21FE4ABC004D0614 /* de */,
				FC42B86E2202405A0080570A /* es */,
				FCA1D0C62205FF2D004E9468 /* fr */,
				FC2B2B7E277E43D10040ED6C /* en */,
			);
			name = InfoPlist.strings;
			sourceTree = "<group>";
		};
		FCCFB362097FA4C1009EA2B6 /* LoadingPanel.nib */ = {
			isa = PBXVariantGroup;
			children = (
				FC2D7D7721FE4ABB004D0614 /* de */,
				FC42B8682202405A0080570A /* es */,
				FCA1D0C02205FF2D004E9468 /* fr */,
				FC2B2B7F277E43D10040ED6C /* en */,
			);
			name = LoadingPanel.nib;
			sourceTree = "<group>";
		};
		FCCFB364097FA4C1009EA2B6 /* Localizable.strings */ = {
			isa = PBXVariantGroup;
			children = (
				FC2D7D7B21FE4ABB004D0614 /* de */,
				FC42B86C2202405A0080570A /* es */,
				FCA1D0C42205FF2D004E9468 /* fr */,
				FC2B2B80277E43D10040ED6C /* en */,
			);
			name = Localizable.strings;
			sourceTree = "<group>";
		};
		FCCFB366097FA4C1009EA2B6 /* MainMenu.nib */ = {
			isa = PBXVariantGroup;
			children = (
				FC2D7D7821FE4ABB004D0614 /* de */,
				FC42B8692202405A0080570A /* es */,
				FCA1D0C12205FF2D004E9468 /* fr */,
				FC2B2B81277E43D10040ED6C /* en */,
			);
			name = MainMenu.nib;
			sourceTree = "<group>";
		};
		FCCFB368097FA4C1009EA2B6 /* Preferences.strings */ = {
			isa = PBXVariantGroup;
			children = (
				FC2D7D7421FE4ABB004D0614 /* de */,
				FC42B8652202405A0080570A /* es */,
				FCA1D0BD2205FF2D004E9468 /* fr */,
				FC2B2B86277E43D10040ED6C /* en */,
			);
			name = Preferences.strings;
			sourceTree = "<group>";
		};
		FCCFB36A097FA4C1009EA2B6 /* TreeMap.nib */ = {
			isa = PBXVariantGroup;
			children = (
				FC2D7D7921FE4ABB004D0614 /* de */,
				FC42B86A2202405A0080570A /* es */,
				FCA1D0C22205FF2D004E9468 /* fr */,
				FC2B2B82277E43D10040ED6C /* en */,
			);
			name = TreeMap.nib;
			sourceTree = "<group>";
		};
		FCCFB36E097FA4C1009EA2B6 /* VolumesPanel.nib */ = {
			isa = PBXVariantGroup;
			children = (
				FC2D7D7A21FE4ABB004D0614 /* de */,
				FC42B86B2202405A0080570A /* es */,
				FCA1D0C32205FF2D004E9468 /* fr */,
				FC2B2B83277E43D10040ED6C /* en */,
			);
			name = VolumesPanel.nib;
			sourceTree = "<group>";
		};
/* End PBXVariantGroup section */

/* Begin XCBuildConfiguration section */
		C05733C808A9546B00998B17 /* Debug */ = {
			isa = XCBuildConfiguration;
			buildSettings = {
				ASSETCATALOG_COMPILER_APPICON_NAME = AppIcon;
				CLANG_ENABLE_OBJC_WEAK = YES;
				CODE_SIGN_IDENTITY = "Apple Development";
				CODE_SIGN_STYLE = Automatic;
				COMBINE_HIDPI_IMAGES = YES;
				CURRENT_PROJECT_VERSION = 1.4b2;
				DEVELOPMENT_TEAM = 65J464P6J4;
				ENABLE_HARDENED_RUNTIME = YES;
				GCC_DYNAMIC_NO_PIC = NO;
				GCC_OPTIMIZATION_LEVEL = 0;
				GCC_PREPROCESSOR_DEFINITIONS = "DEBUG=1";
				GCC_VERSION = "";
				HEADER_SEARCH_PATHS = (
					"$(SRCROOT)",
					"$(SRCROOT)/Source",
				);
				INFOPLIST_FILE = Info.plist;
				LD_RUNPATH_SEARCH_PATHS = "$(inherited) @executable_path/../Frameworks";
				MACOSX_DEPLOYMENT_TARGET = 11.0;
				MARKETING_VERSION = 1.4b2;
				ONLY_ACTIVE_ARCH = YES;
				PRODUCT_BUNDLE_IDENTIFIER = io.github.xxderek.DiskInventoryNext;
				PRODUCT_NAME = "Disk Inventory Next";
				PROVISIONING_PROFILE_SPECIFIER = "";
				ALWAYS_SEARCH_USER_PATHS = NO;
				ARCHS = "$(ARCHS_STANDARD)";
				CLANG_ENABLE_OBJC_ARC = YES;
				OTHER_CFLAGS = "-fobjc-arc-exceptions";
				SDKROOT = macosx;
				WRAPPER_EXTENSION = app;
			};
			name = Debug;
		};
		C05733C908A9546B00998B17 /* Release */ = {
			isa = XCBuildConfiguration;
			buildSettings = {
				ASSETCATALOG_COMPILER_APPICON_NAME = AppIcon;
				CLANG_ENABLE_OBJC_WEAK = YES;
				CODE_SIGN_IDENTITY = "Apple Development";
				COMBINE_HIDPI_IMAGES = YES;
				CURRENT_PROJECT_VERSION = 1.4b2;
				DEVELOPMENT_TEAM = 65J464P6J4;
				ENABLE_HARDENED_RUNTIME = YES;
				ENABLE_NS_ASSERTIONS = NO;
				GCC_GENERATE_DEBUGGING_SYMBOLS = NO;
				GCC_PREPROCESSOR_DEFINITIONS = "";
				GCC_VERSION = "";
				HEADER_SEARCH_PATHS = (
					"$(SRCROOT)",
					"$(SRCROOT)/Source",
				);
				INFOPLIST_FILE = Info.plist;
				LD_RUNPATH_SEARCH_PATHS = "$(inherited) @executable_path/../Frameworks";
				MACOSX_DEPLOYMENT_TARGET = 11.0;
				MARKETING_VERSION = 1.4b2;
				PRODUCT_BUNDLE_IDENTIFIER = io.github.xxderek.DiskInventoryNext;
				PRODUCT_NAME = "Disk Inventory Next";
				ALWAYS_SEARCH_USER_PATHS = NO;
				ARCHS = "$(ARCHS_STANDARD)";
				CLANG_ENABLE_OBJC_ARC = YES;
				OTHER_CFLAGS = "-fobjc-arc-exceptions";
				SDKROOT = macosx;
				WRAPPER_EXTENSION = app;
			};
			name = Release;
		};
		C05733CC08A9546B00998B17 /* Debug */ = {
			isa = XCBuildConfiguration;
			buildSettings = {
				CLANG_ANALYZER_LOCALIZABILITY_NONLOCALIZED = YES;
				ENABLE_TESTABILITY = YES;
				GCC_PRECOMPILE_PREFIX_HEADER = YES;
				GCC_PREFIX_HEADER = "Source/App/Disk Inventory Next_Prefix.pch";
				GCC_VERSION = "";
				HEADER_SEARCH_PATHS = (
					"$(SRCROOT)",
					"$(SRCROOT)/Source",
				);
				GCC_WARN_ABOUT_RETURN_TYPE = YES;
				GCC_WARN_UNUSED_VARIABLE = YES;
				MACOSX_DEPLOYMENT_TARGET = 11.0;
				ONLY_ACTIVE_ARCH = NO;
				ALWAYS_SEARCH_USER_PATHS = NO;
				ARCHS = "$(ARCHS_STANDARD)";
				CLANG_ENABLE_OBJC_ARC = YES;
				OTHER_CFLAGS = "-fobjc-arc-exceptions";
				SDKROOT = macosx;
				SHARED_PRECOMPS_DIR = "$(PROJECT_TEMP_DIR)/SharedPrecompiledHeaders";
			};
			name = Debug;
		};
		C05733CD08A9546B00998B17 /* Release */ = {
			isa = XCBuildConfiguration;
			buildSettings = {
				CLANG_ANALYZER_LOCALIZABILITY_NONLOCALIZED = YES;
				GCC_PRECOMPILE_PREFIX_HEADER = YES;
				GCC_PREFIX_HEADER = "Source/App/Disk Inventory Next_Prefix.pch";
				GCC_VERSION = "";
				HEADER_SEARCH_PATHS = (
					"$(SRCROOT)",
					"$(SRCROOT)/Source",
				);
				GCC_WARN_ABOUT_RETURN_TYPE = YES;
				GCC_WARN_UNUSED_VARIABLE = YES;
				MACOSX_DEPLOYMENT_TARGET = 11.0;
				ALWAYS_SEARCH_USER_PATHS = NO;
				ARCHS = "$(ARCHS_STANDARD)";
				CLANG_ENABLE_OBJC_ARC = YES;
				OTHER_CFLAGS = "-fobjc-arc-exceptions";
				SDKROOT = macosx;
				SHARED_PRECOMPS_DIR = "$(PROJECT_TEMP_DIR)/SharedPrecompiledHeaders";
			};
			name = Release;
		};
/* End XCBuildConfiguration section */

/* Begin XCConfigurationList section */
		C05733C708A9546B00998B17 /* Build configuration list for PBXNativeTarget "Disk Inventory Next" */ = {
			isa = XCConfigurationList;
			buildConfigurations = (
				C05733C808A9546B00998B17 /* Debug */,
				C05733C908A9546B00998B17 /* Release */,
			);
			defaultConfigurationIsVisible = 0;
			defaultConfigurationName = Release;
		};
		C05733CB08A9546B00998B17 /* Build configuration list for PBXProject "Disk Inventory Next" */ = {
			isa = XCConfigurationList;
			buildConfigurations = (
				C05733CC08A9546B00998B17 /* Debug */,
				C05733CD08A9546B00998B17 /* Release */,
			);
			defaultConfigurationIsVisible = 0;
			defaultConfigurationName = Release;
		};
/* End XCConfigurationList section */
	};
	rootObject = 2A37F4A9FDCFA73011CA2CEA /* Project object */;
}
